
Microsoft Visual Studio Solution File, Format Version 12.00
# Visual Studio Version 17
VisualStudioVersion = 17.6.33815.320
MinimumVisualStudioVersion = 10.0.40219.1
Project("{FAE04EC0-301F-11D3-BF4B-00C04F79EFBC}") = "MathGame", "MathGame\MathGame.csproj", "{B5C0EC62-7A44-4257-985D-7582E3F29755}"
EndProject
Global
	GlobalSection(SolutionConfigurationPlatforms) = preSolution
		Debug|Any CPU = Debug|Any CPU
		Release|Any CPU = Release|Any CPU
	EndGlobalSection
	GlobalSection(ProjectConfigurationPlatforms) = postSolution
		{B5C0EC62-7A44-4257-985D-7582E3F29755}.Debug|Any CPU.ActiveCfg = Debug|Any CPU
		{B5C0EC62-7A44-4257-985D-7582E3F29755}.Debug|Any CPU.Build.0 = Debug|Any CPU
		{B5C0EC62-7A44-4257-985D-7582E3F29755}.Release|Any CPU.ActiveCfg = Release|Any CPU
		{B5C0EC62-7A44-4257-985D-7582E3F29755}.Release|Any CPU.Build.0 = Release|Any CPU
	EndGlobalSection
	GlobalSection(SolutionProperties) = preSolution
		HideSolutionNode = FALSE
	EndGlobalSection
	GlobalSection(ExtensibilityGlobals) = postSolution
		SolutionGuid = {F58DA8DF-EF6A-4E53-A720-840EF49E3E6F}
	EndGlobalSection
EndGlobal
